
Microsoft Visual Studio Solution File, Format Version 12.00
# Visual Studio Version 17
VisualStudioVersion = 17.5.002.0
MinimumVisualStudioVersion = 10.0.40219.1
Project("{2150E333-8FDC-42A3-9474-1A3956D46DE8}") = "csharp-prep", "csharp-prep", "{383E2814-B870-457B-8B98-953624E5BDB5}"
EndProject
Project("{9A19103F-16F7-4668-BE54-9A1E7A4F7556}") = "Prep1", "csharp-prep\Prep1\Prep1.csproj", "{64169245-4DCD-4F0E-A4E6-790ED68DE132}"
EndProject
Project("{9A19103F-16F7-4668-BE54-9A1E7A4F7556}") = "Prep2", "csharp-prep\Prep2\Prep2.csproj", "{CB865562-CB68-487B-977A-679E66C6AEE3}"
EndProject
Project("{9A19103F-16F7-4668-BE54-9A1E7A4F7556}") = "Prep3", "csharp-prep\Prep3\Prep3.csproj", "{52AA4547-6E85-4A8C-9CBE-6DC8F14170AA}"
EndProject
Project("{9A19103F-16F7-4668-BE54-9A1E7A4F7556}") = "Prep4", "csharp-prep\Prep4\Prep4.csproj", "{FA9C428F-E3A1-4934-A781-72D72E72FEDA}"
EndProject
Project("{9A19103F-16F7-4668-BE54-9A1E7A4F7556}") = "Prep5", "csharp-prep\Prep5\Prep5.csproj", "{97586D8B-CA5A-4856-8515-9EE6F3D17E43}"
EndProject
Project("{2150E333-8FDC-42A3-9474-1A3956D46DE8}") = "final", "final", "{F80CD308-B67C-42E4-B517-50B0F811E79A}"
EndProject
Project("{9A19103F-16F7-4668-BE54-9A1E7A4F7556}") = "FinalProject", "final\FinalProject\FinalProject.csproj", "{F9DD82D7-8313-48D6-A243-D5BCBA7E8DC5}"
EndProject
Project("{9A19103F-16F7-4668-BE54-9A1E7A4F7556}") = "Foundation1", "final\Foundation1\Foundation1.csproj", "{346256EC-F203-4046-8004-CA318DE7BCDF}"
EndProject
Project("{9A19103F-16F7-4668-BE54-9A1E7A4F7556}") = "Foundation2", "final\Foundation2\Foundation2.csproj", "{B2E22625-046C-48D9-BF67-BCF2D46B0166}"
EndProject
Project("{9A19103F-16F7-4668-BE54-9A1E7A4F7556}") = "Foundation3", "final\Foundation3\Foundation3.csproj", "{2145809D-5547-43F2-A2D9-D1B0CAEAAD19}"
EndProject
Project("{9A19103F-16F7-4668-BE54-9A1E7A4F7556}") = "Foundation4", "final\Foundation4\Foundation4.csproj", "{73AF6ACD-33AC-4FAD-89DF-AECFE41BF710}"
EndProject
Project("{2150E333-8FDC-42A3-9474-1A3956D46DE8}") = "prepare", "prepare", "{59B900BF-BF51-4022-9627-E4A6816FE532}"
EndProject
Project("{9A19103F-16F7-4668-BE54-9A1E7A4F7556}") = "Learning02", "prepare\Learning02\Learning02.csproj", "{B6BF2496-9CBF-49CB-807D-2C0D287DD86B}"
EndProject
Project("{9A19103F-16F7-4668-BE54-9A1E7A4F7556}") = "Learning03", "prepare\Learning03\Learning03.csproj", "{7FD89CBC-6E43-423D-959A-F3CBC2DAD0C1}"
EndProject
Project("{9A19103F-16F7-4668-BE54-9A1E7A4F7556}") = "Learning04", "prepare\Learning04\Learning04.csproj", "{3DA90A35-C259-4890-A8CD-C8A0E284D1CF}"
EndProject
Project("{9A19103F-16F7-4668-BE54-9A1E7A4F7556}") = "Learning05", "prepare\Learning05\Learning05.csproj", "{996397F0-1083-4AB8-B070-A2FA1B443D82}"
EndProject
Project("{2150E333-8FDC-42A3-9474-1A3956D46DE8}") = "prove", "prove", "{F3625F61-CBE3-4ACB-9F65-65174A2A6C83}"
EndProject
Project("{9A19103F-16F7-4668-BE54-9A1E7A4F7556}") = "Develop02", "prove\Develop02\Develop02.csproj", "{57BB89CB-F288-4727-A9BB-94A5F2A1D5A0}"
EndProject
Project("{9A19103F-16F7-4668-BE54-9A1E7A4F7556}") = "Develop03", "prove\Develop03\Develop03.csproj", "{3E982D82-B413-4804-98A3-AE692AE9FED9}"
EndProject
Project("{9A19103F-16F7-4668-BE54-9A1E7A4F7556}") = "Develop04", "prove\Develop04\Develop04.csproj", "{B058A608-4A8C-4AF3-B3DF-FF5DD22B130E}"
EndProject
Project("{9A19103F-16F7-4668-BE54-9A1E7A4F7556}") = "Develop05", "prove\Develop05\Develop05.csproj", "{648E8A1F-2B87-4BFE-BBF1-1EE214440056}"
EndProject
Project("{2150E333-8FDC-42A3-9474-1A3956D46DE8}") = "sandbox", "sandbox", "{EE90F711-D0FB-4D08-9680-5C4738D62E53}"
EndProject
Project("{9A19103F-16F7-4668-BE54-9A1E7A4F7556}") = "Sandbox", "sandbox\Sandbox\Sandbox.csproj", "{059826ED-7FD0-4A15-894D-8EC279A992F6}"
EndProject
Global
	GlobalSection(SolutionConfigurationPlatforms) = preSolution
		Debug|Any CPU = Debug|Any CPU
		Release|Any CPU = Release|Any CPU
	EndGlobalSection
	GlobalSection(ProjectConfigurationPlatforms) = postSolution
		{64169245-4DCD-4F0E-A4E6-790ED68DE132}.Debug|Any CPU.ActiveCfg = Debug|Any CPU
		{64169245-4DCD-4F0E-A4E6-790ED68DE132}.Debug|Any CPU.Build.0 = Debug|Any CPU
		{64169245-4DCD-4F0E-A4E6-790ED68DE132}.Release|Any CPU.ActiveCfg = Release|Any CPU
		{64169245-4DCD-4F0E-A4E6-790ED68DE132}.Release|Any CPU.Build.0 = Release|Any CPU
		{CB865562-CB68-487B-977A-679E66C6AEE3}.Debug|Any CPU.ActiveCfg = Debug|Any CPU
		{CB865562-CB68-487B-977A-679E66C6AEE3}.Debug|Any CPU.Build.0 = Debug|Any CPU
		{CB865562-CB68-487B-977A-679E66C6AEE3}.Release|Any CPU.ActiveCfg = Release|Any CPU
		{CB865562-CB68-487B-977A-679E66C6AEE3}.Release|Any CPU.Build.0 = Release|Any CPU
		{52AA4547-6E85-4A8C-9CBE-6DC8F14170AA}.Debug|Any CPU.ActiveCfg = Debug|Any CPU
		{52AA4547-6E85-4A8C-9CBE-6DC8F14170AA}.Debug|Any CPU.Build.0 = Debug|Any CPU
		{52AA4547-6E85-4A8C-9CBE-6DC8F14170AA}.Release|Any CPU.ActiveCfg = Release|Any CPU
		{52AA4547-6E85-4A8C-9CBE-6DC8F14170AA}.Release|Any CPU.Build.0 = Release|Any CPU
		{FA9C428F-E3A1-4934-A781-72D72E72FEDA}.Debug|Any CPU.ActiveCfg = Debug|Any CPU
		{FA9C428F-E3A1-4934-A781-72D72E72FEDA}.Debug|Any CPU.Build.0 = Debug|Any CPU
		{FA9C428F-E3A1-4934-A781-72D72E72FEDA}.Release|Any CPU.ActiveCfg = Release|Any CPU
		{FA9C428F-E3A1-4934-A781-72D72E72FEDA}.Release|Any CPU.Build.0 = Release|Any CPU
		{97586D8B-CA5A-4856-8515-9EE6F3D17E43}.Debug|Any CPU.ActiveCfg = Debug|Any CPU
		{97586D8B-CA5A-4856-8515-9EE6F3D17E43}.Debug|Any CPU.Build.0 = Debug|Any CPU
		{97586D8B-CA5A-4856-8515-9EE6F3D17E43}.Release|Any CPU.ActiveCfg = Release|Any CPU
		{97586D8B-CA5A-4856-8515-9EE6F3D17E43}.Release|Any CPU.Build.0 = Release|Any CPU
		{F9DD82D7-8313-48D6-A243-D5BCBA7E8DC5}.Debug|Any CPU.ActiveCfg = Debug|Any CPU
		{F9DD82D7-8313-48D6-A243-D5BCBA7E8DC5}.Debug|Any CPU.Build.0 = Debug|Any CPU
		{F9DD82D7-8313-48D6-A243-D5BCBA7E8DC5}.Release|Any CPU.ActiveCfg = Release|Any CPU
		{F9DD82D7-8313-48D6-A243-D5BCBA7E8DC5}.Release|Any CPU.Build.0 = Release|Any CPU
		{346256EC-F203-4046-8004-CA318DE7BCDF}.Debug|Any CPU.ActiveCfg = Debug|Any CPU
		{346256EC-F203-4046-8004-CA318DE7BCDF}.Debug|Any CPU.Build.0 = Debug|Any CPU
		{346256EC-F203-4046-8004-CA318DE7BCDF}.Release|Any CPU.ActiveCfg = Release|Any CPU
		{346256EC-F203-4046-8004-CA318DE7BCDF}.Release|Any CPU.Build.0 = Release|Any CPU
		{B2E22625-046C-48D9-BF67-BCF2D46B0166}.Debug|Any CPU.ActiveCfg = Debug|Any CPU
		{B2E22625-046C-48D9-BF67-BCF2D46B0166}.Debug|Any CPU.Build.0 = Debug|Any CPU
		{B2E22625-046C-48D9-BF67-BCF2D46B0166}.Release|Any CPU.ActiveCfg = Release|Any CPU
		{B2E22625-046C-48D9-BF67-BCF2D46B0166}.Release|Any CPU.Build.0 = Release|Any CPU
		{2145809D-5547-43F2-A2D9-D1B0CAEAAD19}.Debug|Any CPU.ActiveCfg = Debug|Any CPU
		{2145809D-5547-43F2-A2D9-D1B0CAEAAD19}.Debug|Any CPU.Build.0 = Debug|Any CPU
		{2145809D-5547-43F2-A2D9-D1B0CAEAAD19}.Release|Any CPU.ActiveCfg = Release|Any CPU
		{2145809D-5547-43F2-A2D9-D1B0CAEAAD19}.Release|Any CPU.Build.0 = Release|Any CPU
		{73AF6ACD-33AC-4FAD-89DF-AECFE41BF710}.Debug|Any CPU.ActiveCfg = Debug|Any CPU
		{73AF6ACD-33AC-4FAD-89DF-AECFE41BF710}.Debug|Any CPU.Build.0 = Debug|Any CPU
		{73AF6ACD-33AC-4FAD-89DF-AECFE41BF710}.Release|Any CPU.ActiveCfg = Release|Any CPU
		{73AF6ACD-33AC-4FAD-89DF-AECFE41BF710}.Release|Any CPU.Build.0 = Release|Any CPU
		{B6BF2496-9CBF-49CB-807D-2C0D287DD86B}.Debug|Any CPU.ActiveCfg = Debug|Any CPU
		{B6BF2496-9CBF-49CB-807D-2C0D287DD86B}.Debug|Any CPU.Build.0 = Debug|Any CPU
		{B6BF2496-9CBF-49CB-807D-2C0D287DD86B}.Release|Any CPU.ActiveCfg = Release|Any CPU
		{B6BF2496-9CBF-49CB-807D-2C0D287DD86B}.Release|Any CPU.Build.0 = Release|Any CPU
		{7FD89CBC-6E43-423D-959A-F3CBC2DAD0C1}.Debug|Any CPU.ActiveCfg = Debug|Any CPU
		{7FD89CBC-6E43-423D-959A-F3CBC2DAD0C1}.Debug|Any CPU.Build.0 = Debug|Any CPU
		{7FD89CBC-6E43-423D-959A-F3CBC2DAD0C1}.Release|Any CPU.ActiveCfg = Release|Any CPU
		{7FD89CBC-6E43-423D-959A-F3CBC2DAD0C1}.Release|Any CPU.Build.0 = Release|Any CPU
		{3DA90A35-C259-4890-A8CD-C8A0E284D1CF}.Debug|Any CPU.ActiveCfg = Debug|Any CPU
		{3DA90A35-C259-4890-A8CD-C8A0E284D1CF}.Debug|Any CPU.Build.0 = Debug|Any CPU
		{3DA90A35-C259-4890-A8CD-C8A0E284D1CF}.Release|Any CPU.ActiveCfg = Release|Any CPU
		{3DA90A35-C259-4890-A8CD-C8A0E284D1CF}.Release|Any CPU.Build.0 = Release|Any CPU
		{996397F0-1083-4AB8-B070-A2FA1B443D82}.Debug|Any CPU.ActiveCfg = Debug|Any CPU
		{996397F0-1083-4AB8-B070-A2FA1B443D82}.Debug|Any CPU.Build.0 = Debug|Any CPU
		{996397F0-1083-4AB8-B070-A2FA1B443D82}.Release|Any CPU.ActiveCfg = Release|Any CPU
		{996397F0-1083-4AB8-B070-A2FA1B443D82}.Release|Any CPU.Build.0 = Release|Any CPU
		{57BB89CB-F288-4727-A9BB-94A5F2A1D5A0}.Debug|Any CPU.ActiveCfg = Debug|Any CPU
		{57BB89CB-F288-4727-A9BB-94A5F2A1D5A0}.Debug|Any CPU.Build.0 = Debug|Any CPU
		{57BB89CB-F288-4727-A9BB-94A5F2A1D5A0}.Release|Any CPU.ActiveCfg = Release|Any CPU
		{57BB89CB-F288-4727-A9BB-94A5F2A1D5A0}.Release|Any CPU.Build.0 = Release|Any CPU
		{3E982D82-B413-4804-98A3-AE692AE9FED9}.Debug|Any CPU.ActiveCfg = Debug|Any CPU
		{3E982D82-B413-4804-98A3-AE692AE9FED9}.Debug|Any CPU.Build.0 = Debug|Any CPU
		{3E982D82-B413-4804-98A3-AE692AE9FED9}.Release|Any CPU.ActiveCfg = Release|Any CPU
		{3E982D82-B413-4804-98A3-AE692AE9FED9}.Release|Any CPU.Build.0 = Release|Any CPU
		{B058A608-4A8C-4AF3-B3DF-FF5DD22B130E}.Debug|Any CPU.ActiveCfg = Debug|Any CPU
		{B058A608-4A8C-4AF3-B3DF-FF5DD22B130E}.Debug|Any CPU.Build.0 = Debug|Any CPU
		{B058A608-4A8C-4AF3-B3DF-FF5DD22B130E}.Release|Any CPU.ActiveCfg = Release|Any CPU
		{B058A608-4A8C-4AF3-B3DF-FF5DD22B130E}.Release|Any CPU.Build.0 = Release|Any CPU
		{648E8A1F-2B87-4BFE-BBF1-1EE214440056}.Debug|Any CPU.ActiveCfg = Debug|Any CPU
		{648E8A1F-2B87-4BFE-BBF1-1EE214440056}.Debug|Any CPU.Build.0 = Debug|Any CPU
		{648E8A1F-2B87-4BFE-BBF1-1EE214440056}.Release|Any CPU.ActiveCfg = Release|Any CPU
		{648E8A1F-2B87-4BFE-BBF1-1EE214440056}.Release|Any CPU.Build.0 = Release|Any CPU
		{059826ED-7FD0-4A15-894D-8EC279A992F6}.Debug|Any CPU.ActiveCfg = Debug|Any CPU
		{059826ED-7FD0-4A15-894D-8EC279A992F6}.Debug|Any CPU.Build.0 = Debug|Any CPU
		{059826ED-7FD0-4A15-894D-8EC279A992F6}.Release|Any CPU.ActiveCfg = Release|Any CPU
		{059826ED-7FD0-4A15-894D-8EC279A992F6}.Release|Any CPU.Build.0 = Release|Any CPU
	EndGlobalSection
	GlobalSection(SolutionProperties) = preSolution
		HideSolutionNode = FALSE
	EndGlobalSection
	GlobalSection(NestedProjects) = preSolution
		{64169245-4DCD-4F0E-A4E6-790ED68DE132} = {383E2814-B870-457B-8B98-953624E5BDB5}
		{CB865562-CB68-487B-977A-679E66C6AEE3} = {383E2814-B870-457B-8B98-953624E5BDB5}
		{52AA4547-6E85-4A8C-9CBE-6DC8F14170AA} = {383E2814-B870-457B-8B98-953624E5BDB5}
		{FA9C428F-E3A1-4934-A781-72D72E72FEDA} = {383E2814-B870-457B-8B98-953624E5BDB5}
		{97586D8B-CA5A-4856-8515-9EE6F3D17E43} = {383E2814-B870-457B-8B98-953624E5BDB5}
		{F9DD82D7-8313-48D6-A243-D5BCBA7E8DC5} = {F80CD308-B67C-42E4-B517-50B0F811E79A}
		{346256EC-F203-4046-8004-CA318DE7BCDF} = {F80CD308-B67C-42E4-B517-50B0F811E79A}
		{B2E22625-046C-48D9-BF67-BCF2D46B0166} = {F80CD308-B67C-42E4-B517-50B0F811E79A}
		{2145809D-5547-43F2-A2D9-D1B0CAEAAD19} = {F80CD308-B67C-42E4-B517-50B0F811E79A}
		{73AF6ACD-33AC-4FAD-89DF-AECFE41BF710} = {F80CD308-B67C-42E4-B517-50B0F811E79A}
		{B6BF2496-9CBF-49CB-807D-2C0D287DD86B} = {59B900BF-BF51-4022-9627-E4A6816FE532}
		{7FD89CBC-6E43-423D-959A-F3CBC2DAD0C1} = {59B900BF-BF51-4022-9627-E4A6816FE532}
		{3DA90A35-C259-4890-A8CD-C8A0E284D1CF} = {59B900BF-BF51-4022-9627-E4A6816FE532}
		{996397F0-1083-4AB8-B070-A2FA1B443D82} = {59B900BF-BF51-4022-9627-E4A6816FE532}
		{57BB89CB-F288-4727-A9BB-94A5F2A1D5A0} = {F3625F61-CBE3-4ACB-9F65-65174A2A6C83}
		{3E982D82-B413-4804-98A3-AE692AE9FED9} = {F3625F61-CBE3-4ACB-9F65-65174A2A6C83}
		{B058A608-4A8C-4AF3-B3DF-FF5DD22B130E} = {F3625F61-CBE3-4ACB-9F65-65174A2A6C83}
		{648E8A1F-2B87-4BFE-BBF1-1EE214440056} = {F3625F61-CBE3-4ACB-9F65-65174A2A6C83}
		{059826ED-7FD0-4A15-894D-8EC279A992F6} = {EE90F711-D0FB-4D08-9680-5C4738D62E53}
	EndGlobalSection
	GlobalSection(ExtensibilityGlobals) = postSolution
		SolutionGuid = {60DD82E6-E464-42D7-A546-F673ACA924EE}
	EndGlobalSection
EndGlobal
